
Microsoft Visual Studio Solution File, Format Version 12.00
# Visual Studio 15
VisualStudioVersion = 15.0.27428.2027
MinimumVisualStudioVersion = 10.0.40219.1
Project("{FAE04EC0-301F-11D3-BF4B-00C04F79EFBC}") = "ListFast", "ListFast\ListFast.csproj", "{F3607485-66F5-4189-BC64-D805424B2909}"
EndProject
Project("{FAE04EC0-301F-11D3-BF4B-00C04F79EFBC}") = "Benchmark", "Benchmark\Benchmark.csproj", "{F009BEFC-9C75-428D-BA74-5218D49A669B}"
EndProject
Global
	GlobalSection(SolutionConfigurationPlatforms) = preSolution
		Debug|Any CPU = Debug|Any CPU
		Release|Any CPU = Release|Any CPU
	EndGlobalSection
	GlobalSection(ProjectConfigurationPlatforms) = postSolution
		{F3607485-66F5-4189-BC64-D805424B2909}.Debug|Any CPU.ActiveCfg = Debug|Any CPU
		{F3607485-66F5-4189-BC64-D805424B2909}.Debug|Any CPU.Build.0 = Debug|Any CPU
		{F3607485-66F5-4189-BC64-D805424B2909}.Release|Any CPU.ActiveCfg = Release|Any CPU
		{F3607485-66F5-4189-BC64-D805424B2909}.Release|Any CPU.Build.0 = Release|Any CPU
		{F009BEFC-9C75-428D-BA74-5218D49A669B}.Debug|Any CPU.ActiveCfg = Debug|Any CPU
		{F009BEFC-9C75-428D-BA74-5218D49A669B}.Debug|Any CPU.Build.0 = Debug|Any CPU
		{F009BEFC-9C75-428D-BA74-5218D49A669B}.Release|Any CPU.ActiveCfg = Release|Any CPU
		{F009BEFC-9C75-428D-BA74-5218D49A669B}.Release|Any CPU.Build.0 = Release|Any CPU
	EndGlobalSection
	GlobalSection(SolutionProperties) = preSolution
		HideSolutionNode = FALSE
	EndGlobalSection
	GlobalSection(ExtensibilityGlobals) = postSolution
		SolutionGuid = {3228587E-55B0-4279-97BE-02BD114207CA}
	EndGlobalSection
EndGlobal
